
Microsoft Visual Studio Solution File, Format Version 12.00
# Visual Studio Version 17
VisualStudioVersion = 17.14.36616.10 d17.14
MinimumVisualStudioVersion = 10.0.40219.1
Project("{FAE04EC0-301F-11D3-BF4B-00C04F79EFBC}") = "GameClient", "GameClient.csproj", "{1F0AB896-E2CF-4DA7-9AC0-8B3ED056891C}"
EndProject
Project("{FAE04EC0-301F-11D3-BF4B-00C04F79EFBC}") = "GameSocket", "..\GameSocket\GameSocket.csproj", "{7601872A-DC04-4ECF-AA40-06D4F09515A8}"
EndProject
Global
	GlobalSection(SolutionConfigurationPlatforms) = preSolution
		Debug|Any CPU = Debug|Any CPU
		Release|Any CPU = Release|Any CPU
	EndGlobalSection
	GlobalSection(ProjectConfigurationPlatforms) = postSolution
		{1F0AB896-E2CF-4DA7-9AC0-8B3ED056891C}.Debug|Any CPU.ActiveCfg = Debug|Any CPU
		{1F0AB896-E2CF-4DA7-9AC0-8B3ED056891C}.Debug|Any CPU.Build.0 = Debug|Any CPU
		{1F0AB896-E2CF-4DA7-9AC0-8B3ED056891C}.Release|Any CPU.ActiveCfg = Release|Any CPU
		{1F0AB896-E2CF-4DA7-9AC0-8B3ED056891C}.Release|Any CPU.Build.0 = Release|Any CPU
		{7601872A-DC04-4ECF-AA40-06D4F09515A8}.Debug|Any CPU.ActiveCfg = Debug|Any CPU
		{7601872A-DC04-4ECF-AA40-06D4F09515A8}.Debug|Any CPU.Build.0 = Debug|Any CPU
		{7601872A-DC04-4ECF-AA40-06D4F09515A8}.Release|Any CPU.ActiveCfg = Release|Any CPU
		{7601872A-DC04-4ECF-AA40-06D4F09515A8}.Release|Any CPU.Build.0 = Release|Any CPU
	EndGlobalSection
	GlobalSection(SolutionProperties) = preSolution
		HideSolutionNode = FALSE
	EndGlobalSection
	GlobalSection(ExtensibilityGlobals) = postSolution
		SolutionGuid = {5924A8AC-42EF-4FEF-93BD-D59F08130537}
	EndGlobalSection
EndGlobal
